
Microsoft Visual Studio Solution File, Format Version 12.00
# Visual Studio Version 17
VisualStudioVersion = 17.1.32328.378
MinimumVisualStudioVersion = 10.0.40219.1
Project("{FAE04EC0-301F-11D3-BF4B-00C04F79EFBC}") = "WindowForm_day3", "WindowForm_day3\WindowForm_day3.csproj", "{1960A131-A3FE-4132-9E79-D78966DAE477}"
EndProject
Global
	GlobalSection(SolutionConfigurationPlatforms) = preSolution
		Debug|Any CPU = Debug|Any CPU
		Release|Any CPU = Release|Any CPU
	EndGlobalSection
	GlobalSection(ProjectConfigurationPlatforms) = postSolution
		{1960A131-A3FE-4132-9E79-D78966DAE477}.Debug|Any CPU.ActiveCfg = Debug|Any CPU
		{1960A131-A3FE-4132-9E79-D78966DAE477}.Debug|Any CPU.Build.0 = Debug|Any CPU
		{1960A131-A3FE-4132-9E79-D78966DAE477}.Release|Any CPU.ActiveCfg = Release|Any CPU
		{1960A131-A3FE-4132-9E79-D78966DAE477}.Release|Any CPU.Build.0 = Release|Any CPU
	EndGlobalSection
	GlobalSection(SolutionProperties) = preSolution
		HideSolutionNode = FALSE
	EndGlobalSection
	GlobalSection(ExtensibilityGlobals) = postSolution
		SolutionGuid = {5BFD8EF7-2544-4A9F-BC29-9854E860DD8D}
	EndGlobalSection
EndGlobal
